
Microsoft Visual Studio Solution File, Format Version 12.00
# Visual Studio 2012
Project("{FAE04EC0-301F-11D3-BF4B-00C04F79EFBC}") = "RequireMVC199", "RequireMVC199\RequireMVC199.csproj", "{22837D3A-AC8B-4EF1-B881-EBEEA3A9FED2}"
EndProject
Project("{2150E333-8FDC-42A3-9474-1A3956D46DE8}") = "Architecture", "Architecture", "{F8CBD45A-027B-4B9C-90F8-F270F15F82D3}"
EndProject
Project("{F088123C-0E9E-452A-89E6-6BA2F21D5CAC}") = "ProductWebModeling", "ProductWebModeling\ProductWebModeling.modelproj", "{B05B0948-25A6-4CAA-9232-352B0EAD8078}"
EndProject
Project("{2150E333-8FDC-42A3-9474-1A3956D46DE8}") = "BasicLibrary", "BasicLibrary", "{CA627086-204D-4D23-9815-A985EBDEA32D}"
EndProject
Project("{FAE04EC0-301F-11D3-BF4B-00C04F79EFBC}") = "ProductSys.Interface", "ProductSys.Interface\ProductSys.Interface.csproj", "{988A3B43-1193-436A-B4F0-D844506B736F}"
EndProject
Project("{FAE04EC0-301F-11D3-BF4B-00C04F79EFBC}") = "ProductSys.DAL", "ProductSys.DAL\ProductSys.DAL.csproj", "{8B0791C1-7766-43DC-9BE4-2EDFEDA14690}"
EndProject
Project("{FAE04EC0-301F-11D3-BF4B-00C04F79EFBC}") = "ProductSys.WebAPI", "ProductSys.WebAPI\ProductSys.WebAPI.csproj", "{2D3440D4-B154-4205-A032-000F2C0EF30B}"
EndProject
Project("{2150E333-8FDC-42A3-9474-1A3956D46DE8}") = "Common", "Common", "{6062FD49-D408-4C33-8573-9960947E2F98}"
EndProject
Project("{2150E333-8FDC-42A3-9474-1A3956D46DE8}") = "DataAccess", "DataAccess", "{B2A7A28D-B51B-4BD6-BBFE-93BACF7F3934}"
EndProject
Project("{2150E333-8FDC-42A3-9474-1A3956D46DE8}") = "Service", "Service", "{938E6A8D-5A18-45B2-BB84-9BBB146249AE}"
EndProject
Project("{2150E333-8FDC-42A3-9474-1A3956D46DE8}") = "Presentation", "Presentation", "{D3F0D31F-66E4-4627-932E-BE23F9E0D97F}"
EndProject
Project("{FAE04EC0-301F-11D3-BF4B-00C04F79EFBC}") = "TR.Datasource", "TR.Datasource\TR.Datasource.csproj", "{A1CA8BD6-0CE5-4F17-825C-FD16197212DA}"
EndProject
Project("{FAE04EC0-301F-11D3-BF4B-00C04F79EFBC}") = "ProductSys.ServiceImp", "ProductSys.ServiceImp\ProductSys.ServiceImp.csproj", "{1D0002AD-FA14-4127-AFDE-6ADB6619F6E1}"
EndProject
Project("{FAE04EC0-301F-11D3-BF4B-00C04F79EFBC}") = "Plat.DataRepository", "..\PlatFramework\Plat.DataRepository\Plat.DataRepository.csproj", "{069EC405-4781-4F95-8201-2820723ABDAB}"
EndProject
Project("{FAE04EC0-301F-11D3-BF4B-00C04F79EFBC}") = "Dapper", "..\PlatFramework\Dapper\Dapper.csproj", "{DAF737E1-05B5-4189-A5AA-DAC6233B64D7}"
EndProject
Project("{FAE04EC0-301F-11D3-BF4B-00C04F79EFBC}") = "DapperExtensions", "..\PlatFramework\DapperExtensions\DapperExtensions.csproj", "{4C1A2C6C-A469-4C87-98D1-F1D517FA1ACF}"
EndProject
Project("{FAE04EC0-301F-11D3-BF4B-00C04F79EFBC}") = "Plat.ServiceBuilder", "..\PlatFramework\Plat.ServiceBuilder\Plat.ServiceBuilder.csproj", "{2CBBC90A-B6FF-48D9-B59D-E4284C8B17C4}"
EndProject
Project("{FAE04EC0-301F-11D3-BF4B-00C04F79EFBC}") = "Plat.ExceptionHelper", "..\PlatFramework\Plat.ExceptionHelper\Plat.ExceptionHelper.csproj", "{1E30823B-341C-4E99-88E4-8B90836C4CFB}"
EndProject
Project("{FAE04EC0-301F-11D3-BF4B-00C04F79EFBC}") = "Plat.Logging", "..\PlatFramework\Plat.Logging\Plat.Logging.csproj", "{309B3483-BFE2-4EBD-999E-2560C958F174}"
EndProject
Project("{FAE04EC0-301F-11D3-BF4B-00C04F79EFBC}") = "Plat.WebUtility", "..\PlatFramework\Plat.WebUtility\Plat.WebUtility.csproj", "{B90DE653-F768-465A-BB23-3B5B4D89C96C}"
EndProject
Project("{FAE04EC0-301F-11D3-BF4B-00C04F79EFBC}") = "PlatJS", "..\PlatFramework\PlatJS\PlatJS.csproj", "{EE56A079-5A0F-435C-80A7-D90BA4152BA8}"
EndProject
Project("{FAE04EC0-301F-11D3-BF4B-00C04F79EFBC}") = "ProductSys.BizEntity", "ProductSys.BizEntity\ProductSys.BizEntity.csproj", "{10B0C2C2-1477-45B5-8EE6-F82FFF03340E}"
EndProject
Global
	GlobalSection(SolutionConfigurationPlatforms) = preSolution
		Debug|Any CPU = Debug|Any CPU
		Release|Any CPU = Release|Any CPU
	EndGlobalSection
	GlobalSection(ProjectConfigurationPlatforms) = postSolution
		{22837D3A-AC8B-4EF1-B881-EBEEA3A9FED2}.Debug|Any CPU.ActiveCfg = Debug|Any CPU
		{22837D3A-AC8B-4EF1-B881-EBEEA3A9FED2}.Debug|Any CPU.Build.0 = Debug|Any CPU
		{22837D3A-AC8B-4EF1-B881-EBEEA3A9FED2}.Release|Any CPU.ActiveCfg = Release|Any CPU
		{22837D3A-AC8B-4EF1-B881-EBEEA3A9FED2}.Release|Any CPU.Build.0 = Release|Any CPU
		{B05B0948-25A6-4CAA-9232-352B0EAD8078}.Debug|Any CPU.ActiveCfg = Debug|Any CPU
		{B05B0948-25A6-4CAA-9232-352B0EAD8078}.Debug|Any CPU.Build.0 = Debug|Any CPU
		{B05B0948-25A6-4CAA-9232-352B0EAD8078}.Release|Any CPU.ActiveCfg = Release|Any CPU
		{B05B0948-25A6-4CAA-9232-352B0EAD8078}.Release|Any CPU.Build.0 = Release|Any CPU
		{988A3B43-1193-436A-B4F0-D844506B736F}.Debug|Any CPU.ActiveCfg = Debug|Any CPU
		{988A3B43-1193-436A-B4F0-D844506B736F}.Debug|Any CPU.Build.0 = Debug|Any CPU
		{988A3B43-1193-436A-B4F0-D844506B736F}.Release|Any CPU.ActiveCfg = Release|Any CPU
		{988A3B43-1193-436A-B4F0-D844506B736F}.Release|Any CPU.Build.0 = Release|Any CPU
		{8B0791C1-7766-43DC-9BE4-2EDFEDA14690}.Debug|Any CPU.ActiveCfg = Debug|Any CPU
		{8B0791C1-7766-43DC-9BE4-2EDFEDA14690}.Debug|Any CPU.Build.0 = Debug|Any CPU
		{8B0791C1-7766-43DC-9BE4-2EDFEDA14690}.Release|Any CPU.ActiveCfg = Release|Any CPU
		{8B0791C1-7766-43DC-9BE4-2EDFEDA14690}.Release|Any CPU.Build.0 = Release|Any CPU
		{2D3440D4-B154-4205-A032-000F2C0EF30B}.Debug|Any CPU.ActiveCfg = Debug|Any CPU
		{2D3440D4-B154-4205-A032-000F2C0EF30B}.Debug|Any CPU.Build.0 = Debug|Any CPU
		{2D3440D4-B154-4205-A032-000F2C0EF30B}.Release|Any CPU.ActiveCfg = Release|Any CPU
		{2D3440D4-B154-4205-A032-000F2C0EF30B}.Release|Any CPU.Build.0 = Release|Any CPU
		{A1CA8BD6-0CE5-4F17-825C-FD16197212DA}.Debug|Any CPU.ActiveCfg = Debug|Any CPU
		{A1CA8BD6-0CE5-4F17-825C-FD16197212DA}.Debug|Any CPU.Build.0 = Debug|Any CPU
		{A1CA8BD6-0CE5-4F17-825C-FD16197212DA}.Release|Any CPU.ActiveCfg = Release|Any CPU
		{A1CA8BD6-0CE5-4F17-825C-FD16197212DA}.Release|Any CPU.Build.0 = Release|Any CPU
		{1D0002AD-FA14-4127-AFDE-6ADB6619F6E1}.Debug|Any CPU.ActiveCfg = Debug|Any CPU
		{1D0002AD-FA14-4127-AFDE-6ADB6619F6E1}.Debug|Any CPU.Build.0 = Debug|Any CPU
		{1D0002AD-FA14-4127-AFDE-6ADB6619F6E1}.Release|Any CPU.ActiveCfg = Release|Any CPU
		{1D0002AD-FA14-4127-AFDE-6ADB6619F6E1}.Release|Any CPU.Build.0 = Release|Any CPU
		{069EC405-4781-4F95-8201-2820723ABDAB}.Debug|Any CPU.ActiveCfg = Debug|Any CPU
		{069EC405-4781-4F95-8201-2820723ABDAB}.Debug|Any CPU.Build.0 = Debug|Any CPU
		{069EC405-4781-4F95-8201-2820723ABDAB}.Release|Any CPU.ActiveCfg = Release|Any CPU
		{069EC405-4781-4F95-8201-2820723ABDAB}.Release|Any CPU.Build.0 = Release|Any CPU
		{DAF737E1-05B5-4189-A5AA-DAC6233B64D7}.Debug|Any CPU.ActiveCfg = Debug|Any CPU
		{DAF737E1-05B5-4189-A5AA-DAC6233B64D7}.Debug|Any CPU.Build.0 = Debug|Any CPU
		{DAF737E1-05B5-4189-A5AA-DAC6233B64D7}.Release|Any CPU.ActiveCfg = Release|Any CPU
		{DAF737E1-05B5-4189-A5AA-DAC6233B64D7}.Release|Any CPU.Build.0 = Release|Any CPU
		{4C1A2C6C-A469-4C87-98D1-F1D517FA1ACF}.Debug|Any CPU.ActiveCfg = Debug|Any CPU
		{4C1A2C6C-A469-4C87-98D1-F1D517FA1ACF}.Debug|Any CPU.Build.0 = Debug|Any CPU
		{4C1A2C6C-A469-4C87-98D1-F1D517FA1ACF}.Release|Any CPU.ActiveCfg = Release|Any CPU
		{4C1A2C6C-A469-4C87-98D1-F1D517FA1ACF}.Release|Any CPU.Build.0 = Release|Any CPU
		{2CBBC90A-B6FF-48D9-B59D-E4284C8B17C4}.Debug|Any CPU.ActiveCfg = Debug|Any CPU
		{2CBBC90A-B6FF-48D9-B59D-E4284C8B17C4}.Debug|Any CPU.Build.0 = Debug|Any CPU
		{2CBBC90A-B6FF-48D9-B59D-E4284C8B17C4}.Release|Any CPU.ActiveCfg = Release|Any CPU
		{2CBBC90A-B6FF-48D9-B59D-E4284C8B17C4}.Release|Any CPU.Build.0 = Release|Any CPU
		{1E30823B-341C-4E99-88E4-8B90836C4CFB}.Debug|Any CPU.ActiveCfg = Debug|Any CPU
		{1E30823B-341C-4E99-88E4-8B90836C4CFB}.Debug|Any CPU.Build.0 = Debug|Any CPU
		{1E30823B-341C-4E99-88E4-8B90836C4CFB}.Release|Any CPU.ActiveCfg = Release|Any CPU
		{1E30823B-341C-4E99-88E4-8B90836C4CFB}.Release|Any CPU.Build.0 = Release|Any CPU
		{309B3483-BFE2-4EBD-999E-2560C958F174}.Debug|Any CPU.ActiveCfg = Debug|Any CPU
		{309B3483-BFE2-4EBD-999E-2560C958F174}.Debug|Any CPU.Build.0 = Debug|Any CPU
		{309B3483-BFE2-4EBD-999E-2560C958F174}.Release|Any CPU.ActiveCfg = Release|Any CPU
		{309B3483-BFE2-4EBD-999E-2560C958F174}.Release|Any CPU.Build.0 = Release|Any CPU
		{B90DE653-F768-465A-BB23-3B5B4D89C96C}.Debug|Any CPU.ActiveCfg = Debug|Any CPU
		{B90DE653-F768-465A-BB23-3B5B4D89C96C}.Debug|Any CPU.Build.0 = Debug|Any CPU
		{B90DE653-F768-465A-BB23-3B5B4D89C96C}.Release|Any CPU.ActiveCfg = Release|Any CPU
		{B90DE653-F768-465A-BB23-3B5B4D89C96C}.Release|Any CPU.Build.0 = Release|Any CPU
		{EE56A079-5A0F-435C-80A7-D90BA4152BA8}.Debug|Any CPU.ActiveCfg = Debug|Any CPU
		{EE56A079-5A0F-435C-80A7-D90BA4152BA8}.Debug|Any CPU.Build.0 = Debug|Any CPU
		{EE56A079-5A0F-435C-80A7-D90BA4152BA8}.Release|Any CPU.ActiveCfg = Release|Any CPU
		{EE56A079-5A0F-435C-80A7-D90BA4152BA8}.Release|Any CPU.Build.0 = Release|Any CPU
		{10B0C2C2-1477-45B5-8EE6-F82FFF03340E}.Debug|Any CPU.ActiveCfg = Debug|Any CPU
		{10B0C2C2-1477-45B5-8EE6-F82FFF03340E}.Debug|Any CPU.Build.0 = Debug|Any CPU
		{10B0C2C2-1477-45B5-8EE6-F82FFF03340E}.Release|Any CPU.ActiveCfg = Release|Any CPU
		{10B0C2C2-1477-45B5-8EE6-F82FFF03340E}.Release|Any CPU.Build.0 = Release|Any CPU
	EndGlobalSection
	GlobalSection(SolutionProperties) = preSolution
		HideSolutionNode = FALSE
	EndGlobalSection
	GlobalSection(NestedProjects) = preSolution
		{22837D3A-AC8B-4EF1-B881-EBEEA3A9FED2} = {D3F0D31F-66E4-4627-932E-BE23F9E0D97F}
		{069EC405-4781-4F95-8201-2820723ABDAB} = {CA627086-204D-4D23-9815-A985EBDEA32D}
		{DAF737E1-05B5-4189-A5AA-DAC6233B64D7} = {CA627086-204D-4D23-9815-A985EBDEA32D}
		{4C1A2C6C-A469-4C87-98D1-F1D517FA1ACF} = {CA627086-204D-4D23-9815-A985EBDEA32D}
		{2CBBC90A-B6FF-48D9-B59D-E4284C8B17C4} = {CA627086-204D-4D23-9815-A985EBDEA32D}
		{1E30823B-341C-4E99-88E4-8B90836C4CFB} = {CA627086-204D-4D23-9815-A985EBDEA32D}
		{309B3483-BFE2-4EBD-999E-2560C958F174} = {CA627086-204D-4D23-9815-A985EBDEA32D}
		{B90DE653-F768-465A-BB23-3B5B4D89C96C} = {CA627086-204D-4D23-9815-A985EBDEA32D}
		{EE56A079-5A0F-435C-80A7-D90BA4152BA8} = {CA627086-204D-4D23-9815-A985EBDEA32D}
		{988A3B43-1193-436A-B4F0-D844506B736F} = {938E6A8D-5A18-45B2-BB84-9BBB146249AE}
		{2D3440D4-B154-4205-A032-000F2C0EF30B} = {938E6A8D-5A18-45B2-BB84-9BBB146249AE}
		{1D0002AD-FA14-4127-AFDE-6ADB6619F6E1} = {938E6A8D-5A18-45B2-BB84-9BBB146249AE}
		{10B0C2C2-1477-45B5-8EE6-F82FFF03340E} = {938E6A8D-5A18-45B2-BB84-9BBB146249AE}
		{B05B0948-25A6-4CAA-9232-352B0EAD8078} = {F8CBD45A-027B-4B9C-90F8-F270F15F82D3}
		{8B0791C1-7766-43DC-9BE4-2EDFEDA14690} = {B2A7A28D-B51B-4BD6-BBFE-93BACF7F3934}
		{A1CA8BD6-0CE5-4F17-825C-FD16197212DA} = {6062FD49-D408-4C33-8573-9960947E2F98}
	EndGlobalSection
EndGlobal
