
Microsoft Visual Studio Solution File, Format Version 12.00
# Visual Studio 2012
Project("{2150E333-8FDC-42A3-9474-1A3956D46DE8}") = "BasicLibrary", "BasicLibrary", "{CA6BF075-119F-4E2E-8EBB-9B96E3F72339}"
EndProject
Project("{FAE04EC0-301F-11D3-BF4B-00C04F79EFBC}") = "Plat.DataRepository", "..\..\PlatFramework\Plat.DataRepository\Plat.DataRepository.csproj", "{1FBA6004-8231-443F-AEDD-7918B7354992}"
EndProject
Project("{FAE04EC0-301F-11D3-BF4B-00C04F79EFBC}") = "Plat.CacheService", "..\..\PlatFramework\Plat.CacheService\Plat.CacheService.csproj", "{3CB89054-5EC2-4622-B18F-9FB5FD35DB77}"
EndProject
Project("{FAE04EC0-301F-11D3-BF4B-00C04F79EFBC}") = "ProductSys.DAL", "ProductSys.DAL\ProductSys.DAL.csproj", "{8B0791C1-7766-43DC-9BE4-2EDFEDA14690}"
EndProject
Project("{2150E333-8FDC-42A3-9474-1A3956D46DE8}") = "Prensentation", "Prensentation", "{0E5AEDCF-36A7-4D8A-A1AB-FADF4DA5919A}"
EndProject
Project("{2150E333-8FDC-42A3-9474-1A3956D46DE8}") = "DataAccess", "DataAccess", "{15D42F1A-2856-491B-9419-F301BED12EDA}"
EndProject
Project("{2150E333-8FDC-42A3-9474-1A3956D46DE8}") = "ServiceLayer", "ServiceLayer", "{EBAD722F-B0BA-418D-AA34-43B431CA0F4E}"
EndProject
Project("{FAE04EC0-301F-11D3-BF4B-00C04F79EFBC}") = "Plat.WebUtility", "..\..\PlatFramework\Plat.WebUtility\Plat.WebUtility.csproj", "{B90DE653-F768-465A-BB23-3B5B4D89C96C}"
EndProject
Project("{FAE04EC0-301F-11D3-BF4B-00C04F79EFBC}") = "ProductWcf", "ProductWcf\ProductWcf.csproj", "{06CC99D8-E15E-40D0-8095-3566D0FAF466}"
EndProject
Project("{FAE04EC0-301F-11D3-BF4B-00C04F79EFBC}") = "ProductSysConsole", "ProductSysConsole\ProductSysConsole.csproj", "{5FB90176-5E6E-43FC-9870-46561B4BAC76}"
EndProject
Project("{FAE04EC0-301F-11D3-BF4B-00C04F79EFBC}") = "ProductSysUnitTest", "ProductSysUnitTest\ProductSysUnitTest.csproj", "{F932125E-1436-4913-B4D4-D29B4CFD9680}"
EndProject
Project("{FAE04EC0-301F-11D3-BF4B-00C04F79EFBC}") = "Plat.ExceptionHelper", "..\..\PlatFramework\Plat.ExceptionHelper\Plat.ExceptionHelper.csproj", "{1E30823B-341C-4E99-88E4-8B90836C4CFB}"
EndProject
Project("{FAE04EC0-301F-11D3-BF4B-00C04F79EFBC}") = "ProductSys.WebAPI", "ProductSys.WebAPI\ProductSys.WebAPI.csproj", "{2D3440D4-B154-4205-A032-000F2C0EF30B}"
EndProject
Project("{FAE04EC0-301F-11D3-BF4B-00C04F79EFBC}") = "ProductSys.WebAPI.Tests", "ProductSys.WebAPI.Tests\ProductSys.WebAPI.Tests.csproj", "{B68CE538-291E-4CF7-94C8-B8A4A7B6D819}"
EndProject
Project("{FAE04EC0-301F-11D3-BF4B-00C04F79EFBC}") = "Plat.Logging", "..\..\PlatFramework\Plat.Logging\Plat.Logging.csproj", "{309B3483-BFE2-4EBD-999E-2560C958F174}"
EndProject
Project("{FAE04EC0-301F-11D3-BF4B-00C04F79EFBC}") = "ProductWebPortal", "ProductWebPortal\ProductWebPortal.csproj", "{2BF4E9AF-90E0-41D0-9393-D9008ECFF1AA}"
EndProject
Project("{FAE04EC0-301F-11D3-BF4B-00C04F79EFBC}") = "ProductWebPortal.Tests", "ProductWebPortal.Tests\ProductWebPortal.Tests.csproj", "{1B3B1B65-FC90-44AE-B01B-2DBF29DD5D6E}"
EndProject
Global
	GlobalSection(SolutionConfigurationPlatforms) = preSolution
		Debug|Any CPU = Debug|Any CPU
		Release|Any CPU = Release|Any CPU
	EndGlobalSection
	GlobalSection(ProjectConfigurationPlatforms) = postSolution
		{1FBA6004-8231-443F-AEDD-7918B7354992}.Debug|Any CPU.ActiveCfg = Debug|Any CPU
		{1FBA6004-8231-443F-AEDD-7918B7354992}.Debug|Any CPU.Build.0 = Debug|Any CPU
		{1FBA6004-8231-443F-AEDD-7918B7354992}.Release|Any CPU.ActiveCfg = Release|Any CPU
		{1FBA6004-8231-443F-AEDD-7918B7354992}.Release|Any CPU.Build.0 = Release|Any CPU
		{3CB89054-5EC2-4622-B18F-9FB5FD35DB77}.Debug|Any CPU.ActiveCfg = Debug|Any CPU
		{3CB89054-5EC2-4622-B18F-9FB5FD35DB77}.Debug|Any CPU.Build.0 = Debug|Any CPU
		{3CB89054-5EC2-4622-B18F-9FB5FD35DB77}.Release|Any CPU.ActiveCfg = Release|Any CPU
		{3CB89054-5EC2-4622-B18F-9FB5FD35DB77}.Release|Any CPU.Build.0 = Release|Any CPU
		{8B0791C1-7766-43DC-9BE4-2EDFEDA14690}.Debug|Any CPU.ActiveCfg = Debug|Any CPU
		{8B0791C1-7766-43DC-9BE4-2EDFEDA14690}.Debug|Any CPU.Build.0 = Debug|Any CPU
		{8B0791C1-7766-43DC-9BE4-2EDFEDA14690}.Release|Any CPU.ActiveCfg = Release|Any CPU
		{8B0791C1-7766-43DC-9BE4-2EDFEDA14690}.Release|Any CPU.Build.0 = Release|Any CPU
		{B90DE653-F768-465A-BB23-3B5B4D89C96C}.Debug|Any CPU.ActiveCfg = Debug|Any CPU
		{B90DE653-F768-465A-BB23-3B5B4D89C96C}.Debug|Any CPU.Build.0 = Debug|Any CPU
		{B90DE653-F768-465A-BB23-3B5B4D89C96C}.Release|Any CPU.ActiveCfg = Release|Any CPU
		{B90DE653-F768-465A-BB23-3B5B4D89C96C}.Release|Any CPU.Build.0 = Release|Any CPU
		{06CC99D8-E15E-40D0-8095-3566D0FAF466}.Debug|Any CPU.ActiveCfg = Debug|Any CPU
		{06CC99D8-E15E-40D0-8095-3566D0FAF466}.Debug|Any CPU.Build.0 = Debug|Any CPU
		{06CC99D8-E15E-40D0-8095-3566D0FAF466}.Release|Any CPU.ActiveCfg = Release|Any CPU
		{06CC99D8-E15E-40D0-8095-3566D0FAF466}.Release|Any CPU.Build.0 = Release|Any CPU
		{5FB90176-5E6E-43FC-9870-46561B4BAC76}.Debug|Any CPU.ActiveCfg = Debug|Any CPU
		{5FB90176-5E6E-43FC-9870-46561B4BAC76}.Debug|Any CPU.Build.0 = Debug|Any CPU
		{5FB90176-5E6E-43FC-9870-46561B4BAC76}.Release|Any CPU.ActiveCfg = Release|Any CPU
		{5FB90176-5E6E-43FC-9870-46561B4BAC76}.Release|Any CPU.Build.0 = Release|Any CPU
		{F932125E-1436-4913-B4D4-D29B4CFD9680}.Debug|Any CPU.ActiveCfg = Debug|Any CPU
		{F932125E-1436-4913-B4D4-D29B4CFD9680}.Debug|Any CPU.Build.0 = Debug|Any CPU
		{F932125E-1436-4913-B4D4-D29B4CFD9680}.Release|Any CPU.ActiveCfg = Release|Any CPU
		{F932125E-1436-4913-B4D4-D29B4CFD9680}.Release|Any CPU.Build.0 = Release|Any CPU
		{1E30823B-341C-4E99-88E4-8B90836C4CFB}.Debug|Any CPU.ActiveCfg = Debug|Any CPU
		{1E30823B-341C-4E99-88E4-8B90836C4CFB}.Debug|Any CPU.Build.0 = Debug|Any CPU
		{1E30823B-341C-4E99-88E4-8B90836C4CFB}.Release|Any CPU.ActiveCfg = Release|Any CPU
		{1E30823B-341C-4E99-88E4-8B90836C4CFB}.Release|Any CPU.Build.0 = Release|Any CPU
		{2D3440D4-B154-4205-A032-000F2C0EF30B}.Debug|Any CPU.ActiveCfg = Debug|Any CPU
		{2D3440D4-B154-4205-A032-000F2C0EF30B}.Debug|Any CPU.Build.0 = Debug|Any CPU
		{2D3440D4-B154-4205-A032-000F2C0EF30B}.Release|Any CPU.ActiveCfg = Release|Any CPU
		{2D3440D4-B154-4205-A032-000F2C0EF30B}.Release|Any CPU.Build.0 = Release|Any CPU
		{B68CE538-291E-4CF7-94C8-B8A4A7B6D819}.Debug|Any CPU.ActiveCfg = Debug|Any CPU
		{B68CE538-291E-4CF7-94C8-B8A4A7B6D819}.Debug|Any CPU.Build.0 = Debug|Any CPU
		{B68CE538-291E-4CF7-94C8-B8A4A7B6D819}.Release|Any CPU.ActiveCfg = Release|Any CPU
		{B68CE538-291E-4CF7-94C8-B8A4A7B6D819}.Release|Any CPU.Build.0 = Release|Any CPU
		{309B3483-BFE2-4EBD-999E-2560C958F174}.Debug|Any CPU.ActiveCfg = Debug|Any CPU
		{309B3483-BFE2-4EBD-999E-2560C958F174}.Debug|Any CPU.Build.0 = Debug|Any CPU
		{309B3483-BFE2-4EBD-999E-2560C958F174}.Release|Any CPU.ActiveCfg = Release|Any CPU
		{309B3483-BFE2-4EBD-999E-2560C958F174}.Release|Any CPU.Build.0 = Release|Any CPU
		{2BF4E9AF-90E0-41D0-9393-D9008ECFF1AA}.Debug|Any CPU.ActiveCfg = Debug|Any CPU
		{2BF4E9AF-90E0-41D0-9393-D9008ECFF1AA}.Debug|Any CPU.Build.0 = Debug|Any CPU
		{2BF4E9AF-90E0-41D0-9393-D9008ECFF1AA}.Release|Any CPU.ActiveCfg = Release|Any CPU
		{2BF4E9AF-90E0-41D0-9393-D9008ECFF1AA}.Release|Any CPU.Build.0 = Release|Any CPU
		{1B3B1B65-FC90-44AE-B01B-2DBF29DD5D6E}.Debug|Any CPU.ActiveCfg = Debug|Any CPU
		{1B3B1B65-FC90-44AE-B01B-2DBF29DD5D6E}.Debug|Any CPU.Build.0 = Debug|Any CPU
		{1B3B1B65-FC90-44AE-B01B-2DBF29DD5D6E}.Release|Any CPU.ActiveCfg = Release|Any CPU
		{1B3B1B65-FC90-44AE-B01B-2DBF29DD5D6E}.Release|Any CPU.Build.0 = Release|Any CPU
	EndGlobalSection
	GlobalSection(SolutionProperties) = preSolution
		HideSolutionNode = FALSE
	EndGlobalSection
	GlobalSection(NestedProjects) = preSolution
		{1FBA6004-8231-443F-AEDD-7918B7354992} = {CA6BF075-119F-4E2E-8EBB-9B96E3F72339}
		{3CB89054-5EC2-4622-B18F-9FB5FD35DB77} = {CA6BF075-119F-4E2E-8EBB-9B96E3F72339}
		{B90DE653-F768-465A-BB23-3B5B4D89C96C} = {CA6BF075-119F-4E2E-8EBB-9B96E3F72339}
		{1E30823B-341C-4E99-88E4-8B90836C4CFB} = {CA6BF075-119F-4E2E-8EBB-9B96E3F72339}
		{309B3483-BFE2-4EBD-999E-2560C958F174} = {CA6BF075-119F-4E2E-8EBB-9B96E3F72339}
		{8B0791C1-7766-43DC-9BE4-2EDFEDA14690} = {15D42F1A-2856-491B-9419-F301BED12EDA}
		{5FB90176-5E6E-43FC-9870-46561B4BAC76} = {0E5AEDCF-36A7-4D8A-A1AB-FADF4DA5919A}
		{F932125E-1436-4913-B4D4-D29B4CFD9680} = {0E5AEDCF-36A7-4D8A-A1AB-FADF4DA5919A}
		{2BF4E9AF-90E0-41D0-9393-D9008ECFF1AA} = {0E5AEDCF-36A7-4D8A-A1AB-FADF4DA5919A}
		{1B3B1B65-FC90-44AE-B01B-2DBF29DD5D6E} = {0E5AEDCF-36A7-4D8A-A1AB-FADF4DA5919A}
		{06CC99D8-E15E-40D0-8095-3566D0FAF466} = {EBAD722F-B0BA-418D-AA34-43B431CA0F4E}
		{2D3440D4-B154-4205-A032-000F2C0EF30B} = {EBAD722F-B0BA-418D-AA34-43B431CA0F4E}
		{B68CE538-291E-4CF7-94C8-B8A4A7B6D819} = {EBAD722F-B0BA-418D-AA34-43B431CA0F4E}
	EndGlobalSection
EndGlobal
